
Microsoft Visual Studio Solution File, Format Version 12.00
# Visual Studio 15
VisualStudioVersion = 15.0.28307.1082
MinimumVisualStudioVersion = 10.0.40219.1
Project("{FAE04EC0-301F-11D3-BF4B-00C04F79EFBC}") = "TimeTable_DB_Source", "TimeTable_DB_Source\TimeTable_DB_Source.csproj", "{0446404C-A9B3-4663-A5DC-815B699AB8E5}"
EndProject
Project("{FAE04EC0-301F-11D3-BF4B-00C04F79EFBC}") = "UserLogin", "UserLogin\UserLogin.csproj", "{0DD47AA9-7BD5-4BF5-917F-D89C56C5A94F}"
EndProject
Project("{FAE04EC0-301F-11D3-BF4B-00C04F79EFBC}") = "MainProgram", "MainProgram\MainProgram.csproj", "{3C1480B5-45A9-4A46-AC9A-752A236F98DB}"
EndProject
Global
	GlobalSection(SolutionConfigurationPlatforms) = preSolution
		Debug|Any CPU = Debug|Any CPU
		Release|Any CPU = Release|Any CPU
	EndGlobalSection
	GlobalSection(ProjectConfigurationPlatforms) = postSolution
		{0446404C-A9B3-4663-A5DC-815B699AB8E5}.Debug|Any CPU.ActiveCfg = Debug|Any CPU
		{0446404C-A9B3-4663-A5DC-815B699AB8E5}.Debug|Any CPU.Build.0 = Debug|Any CPU
		{0446404C-A9B3-4663-A5DC-815B699AB8E5}.Release|Any CPU.ActiveCfg = Release|Any CPU
		{0446404C-A9B3-4663-A5DC-815B699AB8E5}.Release|Any CPU.Build.0 = Release|Any CPU
		{0DD47AA9-7BD5-4BF5-917F-D89C56C5A94F}.Debug|Any CPU.ActiveCfg = Debug|Any CPU
		{0DD47AA9-7BD5-4BF5-917F-D89C56C5A94F}.Debug|Any CPU.Build.0 = Debug|Any CPU
		{0DD47AA9-7BD5-4BF5-917F-D89C56C5A94F}.Release|Any CPU.ActiveCfg = Release|Any CPU
		{0DD47AA9-7BD5-4BF5-917F-D89C56C5A94F}.Release|Any CPU.Build.0 = Release|Any CPU
		{3C1480B5-45A9-4A46-AC9A-752A236F98DB}.Debug|Any CPU.ActiveCfg = Debug|Any CPU
		{3C1480B5-45A9-4A46-AC9A-752A236F98DB}.Debug|Any CPU.Build.0 = Debug|Any CPU
		{3C1480B5-45A9-4A46-AC9A-752A236F98DB}.Release|Any CPU.ActiveCfg = Release|Any CPU
		{3C1480B5-45A9-4A46-AC9A-752A236F98DB}.Release|Any CPU.Build.0 = Release|Any CPU
	EndGlobalSection
	GlobalSection(SolutionProperties) = preSolution
		HideSolutionNode = FALSE
	EndGlobalSection
	GlobalSection(ExtensibilityGlobals) = postSolution
		SolutionGuid = {56E0AC5F-AF08-4D23-98EC-DA2C51424B0F}
	EndGlobalSection
EndGlobal
